PODS:
  - GoogleMobileVision (1.6.0):
    - GoogleMobileVision/BarcodeDetector (= 1.6.0)
    - GoogleMobileVision/Detector (= 1.6.0)
    - GoogleMobileVision/FaceDetector (= 1.6.0)
    - GoogleMobileVision/LabelDetector (= 1.6.0)
    - GoogleMobileVision/TextDetector (= 1.6.0)
  - GoogleMobileVision/BarcodeDetector (1.6.0):
    - GoogleMobileVision/Detector (~> 1.6)
  - GoogleMobileVision/Detector (1.6.0):
    - GoogleToolboxForMac/Logger (~> 2.1)
    - "GoogleToolboxForMac/NSData+zlib (~> 2.1)"
    - GTMSessionFetcher/Core (~> 1.1)
    - Protobuf (~> 3.1)
  - GoogleMobileVision/FaceDetector (1.6.0):
    - GoogleMobileVision/Detector (~> 1.6)
  - GoogleMobileVision/LabelDetector (1.6.0):
    - GoogleMobileVision/Detector (~> 1.6)
  - GoogleMobileVision/TextDetector (1.6.0):
    - GoogleMobileVision/Detector (~> 1.6)
  - GoogleToolboxForMac/Defines (2.3.0)
  - GoogleToolboxForMac/Logger (2.3.0):
    - GoogleToolboxForMac/Defines (= 2.3.0)
  - "GoogleToolboxForMac/NSData+zlib (2.3.0)":
    - GoogleToolboxForMac/Defines (= 2.3.0)
  - GTMSessionFetcher/Core (1.5.0)
  - Protobuf (3.14.0)

DEPENDENCIES:
  - GoogleMobileVision

SPEC REPOS:
  trunk:
    - GoogleMobileVision
    - GoogleToolboxForMac
    - GTMSessionFetcher
    - Protobuf

SPEC CHECKSUMS:
  GoogleMobileVision: 31cfb4319fd0c03d80105680abd9eae9da5e3b47
  GoogleToolboxForMac: 1350d40e86a76f7863928d63bcb0b89c84c521c5
  GTMSessionFetcher: b3503b20a988c4e20cc189aa798fd18220133f52
  Protobuf: 0cde852566359049847168e51bd1c690e0f70056

PODFILE CHECKSUM: 903c91da225d208ca39f0153c81fa666ce87ab2e

COCOAPODS: 1.9.3
