PODS:
  - GoogleMobileVision (1.5.0):
    - GoogleMobileVision/BarcodeDetector (= 1.5.0)
    - GoogleMobileVision/Detector (= 1.5.0)
    - GoogleMobileVision/FaceDetector (= 1.5.0)
    - GoogleMobileVision/LabelDetector (= 1.5.0)
    - GoogleMobileVision/MVDataOutput (= 1.5.0)
    - GoogleMobileVision/TextDetector (= 1.5.0)
  - GoogleMobileVision/BarcodeDetector (1.5.0):
    - GoogleMobileVision/Detector (~> 1.5)
  - GoogleMobileVision/Detector (1.5.0):
    - GoogleToolboxForMac/Logger (~> 2.1)
    - "GoogleToolboxForMac/NSData+zlib (~> 2.1)"
    - GTMSessionFetcher/Core (~> 1.1)
    - Protobuf (~> 3.1)
  - GoogleMobileVision/FaceDetector (1.5.0):
    - GoogleMobileVision/Detector (~> 1.5)
  - GoogleMobileVision/LabelDetector (1.5.0):
    - GoogleMobileVision/Detector (~> 1.5)
  - GoogleMobileVision/MVDataOutput (1.5.0):
    - GoogleMobileVision/Detector (~> 1.5)
  - GoogleMobileVision/TextDetector (1.5.0):
    - GoogleMobileVision/Detector (~> 1.5)
  - GoogleToolboxForMac/Defines (2.1.4)
  - GoogleToolboxForMac/Logger (2.1.4):
    - GoogleToolboxForMac/Defines (= 2.1.4)
  - "GoogleToolboxForMac/NSData+zlib (2.1.4)":
    - GoogleToolboxForMac/Defines (= 2.1.4)
  - GTMSessionFetcher/Core (1.2.0)
  - Protobuf (3.6.1)

DEPENDENCIES:
  - GoogleMobileVision
  - GoogleMobileVision (~> 1.5.0)

SPEC REPOS:
  https://github.com/CocoaPods/Specs.git:
    - GoogleMobileVision
    - GoogleToolboxForMac
    - GTMSessionFetcher
    - Protobuf

SPEC CHECKSUMS:
  GoogleMobileVision: a1f93108b3527d67339e2de80e1db76645f9e8b9
  GoogleToolboxForMac: 91c824d21e85b31c2aae9bb011c5027c9b4e738f
  GTMSessionFetcher: 0c4baf0a73acd0041bf9f71ea018deedab5ea84e
  Protobuf: 1eb9700044745f00181c136ef21b8ff3ad5a0fd5

PODFILE CHECKSUM: 8bfd1c2752477c3d872033f7ea6df15d6af6289a

COCOAPODS: 1.8.3
